<?xml version="1.0" encoding="utf-8"?>
<Project ToolsVersion="4.0" xmlns="http://schemas.microsoft.com/developer/msbuild/2003">
  <ItemGroup>
    <ClCompile Include="PraktikumVGJS\main.cpp">
      <Filter>Source Files</Filter>
    </ClCompile>
    <ClCompile Include="PraktikumVGJS\work.cpp">
      <Filter>Source Files</Filter>
    </ClCompile>
    <ClCompile Include="PraktikumVGJS\mandelbrot.cpp">
      <Filter>Source Files</Filter>
    </ClCompile>
    <ClCompile Include="PraktikumVGJS\lockfreeQueue.cpp">
      <Filter>Source Files</Filter>
    </ClCompile>
    <ClCompile Include="PraktikumVGJS\mcts.cpp">
      <Filter>Source Files</Filter>
    </ClCompile>
    <ClCompile Include="PraktikumVGJS\threadpool.cpp">
      <Filter>Source Files</Filter>
    </ClCompile>
    <ClCompile Include="PraktikumVGJS\performance.cpp">
      <Filter>Source Files</Filter>
    </ClCompile>
  </ItemGroup>
  <ItemGroup>
    <ClInclude Include="PraktikumVGJS\mctsGame.h">
      <Filter>Header Files</Filter>
    </ClInclude>
    <ClInclude Include="PraktikumVGJS\mctsStructs.h">
      <Filter>Header Files</Filter>
    </ClInclude>
    <ClInclude Include="PraktikumVGJS\tests.h">
      <Filter>Header Files</Filter>
    </ClInclude>
    <ClInclude Include="PraktikumVGJS\threadpool.hpp">
      <Filter>Header Files</Filter>
    </ClInclude>
    <ClInclude Include="PraktikumVGJS\VGJS.h">
      <Filter>Header Files</Filter>
    </ClInclude>
    <ClInclude Include="PraktikumVGJS\VGJSCoro.h">
      <Filter>Header Files</Filter>
    </ClInclude>
    <ClInclude Include="PraktikumVGJS\VGJSHeaders.h">
      <Filter>Header Files</Filter>
    </ClInclude>
    <ClInclude Include="PraktikumVGJS\VGJSLockfree.h">
      <Filter>Header Files</Filter>
    </ClInclude>
    <ClInclude Include="PraktikumVGJS\VGJSCoroLockfree.h">
      <Filter>Header Files</Filter>
    </ClInclude>
  </ItemGroup>
  <ItemGroup>
    <Filter Include="Header Files">
      <UniqueIdentifier>{31105389-a2a1-489b-a230-21cfb131defd}</UniqueIdentifier>
    </Filter>
    <Filter Include="Source Files">
      <UniqueIdentifier>{b682ebab-7f5f-4088-b888-1266d19b6e0b}</UniqueIdentifier>
    </Filter>
  </ItemGroup>
  <ItemGroup>
    <None Include="run.sh" />
  </ItemGroup>
</Project>