<?xml version="1.0" encoding="utf-8"?>
<Project ToolsVersion="4.0" xmlns="http://schemas.microsoft.com/developer/msbuild/2003">
  <ItemGroup>
    <Filter Include="Resource Files">
      <UniqueIdentifier>{67DA6AB6-F800-4c08-8B7A-83BB121AAD01}</UniqueIdentifier>
      <Extensions>rc;ico;cur;bmp;dlg;rc2;rct;bin;rgs;gif;jpg;jpeg;jpe;resx;tiff;tif;png;wav</Extensions>
    </Filter>
    <Filter Include="Header Files">
      <UniqueIdentifier>{bbb97b35-fc47-4224-bc6c-4b7204813b76}</UniqueIdentifier>
    </Filter>
    <Filter Include="Source Files">
      <UniqueIdentifier>{95e278fd-44fa-473e-9969-29aefddc3436}</UniqueIdentifier>
    </Filter>
  </ItemGroup>
  <ItemGroup>
    <ClCompile Include="PraktikumVGJS\lockfreeQueueTest.cpp">
      <Filter>Source Files</Filter>
    </ClCompile>
    <ClCompile Include="PraktikumVGJS\main.cpp">
      <Filter>Source Files</Filter>
    </ClCompile>
    <ClCompile Include="PraktikumVGJS\mandelbrotCoro.cpp">
      <Filter>Source Files</Filter>
    </ClCompile>
    <ClCompile Include="PraktikumVGJS\mandelbrotFunc.cpp">
      <Filter>Source Files</Filter>
    </ClCompile>
    <ClCompile Include="PraktikumVGJS\mctsCoro.cpp">
      <Filter>Source Files</Filter>
    </ClCompile>
    <ClCompile Include="PraktikumVGJS\mctsFunc.cpp">
      <Filter>Source Files</Filter>
    </ClCompile>
    <ClCompile Include="PraktikumVGJS\workCoro.cpp">
      <Filter>Source Files</Filter>
    </ClCompile>
    <ClCompile Include="PraktikumVGJS\workFunc.cpp">
      <Filter>Source Files</Filter>
    </ClCompile>
  </ItemGroup>
  <ItemGroup>
    <ClInclude Include="PraktikumVGJS\lockfreeQueueTest.h">
      <Filter>Header Files</Filter>
    </ClInclude>
    <ClInclude Include="PraktikumVGJS\mandelbrotCoro.h">
      <Filter>Header Files</Filter>
    </ClInclude>
    <ClInclude Include="PraktikumVGJS\mandelbrotFunc.h">
      <Filter>Header Files</Filter>
    </ClInclude>
    <ClInclude Include="PraktikumVGJS\mctsCoro.h">
      <Filter>Header Files</Filter>
    </ClInclude>
    <ClInclude Include="PraktikumVGJS\mctsFunc.h">
      <Filter>Header Files</Filter>
    </ClInclude>
    <ClInclude Include="PraktikumVGJS\mctsGame.h">
      <Filter>Header Files</Filter>
    </ClInclude>
    <ClInclude Include="PraktikumVGJS\mctsStructs.h">
      <Filter>Header Files</Filter>
    </ClInclude>
    <ClInclude Include="PraktikumVGJS\VECoro.h">
      <Filter>Header Files</Filter>
    </ClInclude>
    <ClInclude Include="PraktikumVGJS\VECoroLockfree.h">
      <Filter>Header Files</Filter>
    </ClInclude>
    <ClInclude Include="PraktikumVGJS\VEGameJobSystem.h">
      <Filter>Header Files</Filter>
    </ClInclude>
    <ClInclude Include="PraktikumVGJS\VEGameJobSystemLockfree.h">
      <Filter>Header Files</Filter>
    </ClInclude>
    <ClInclude Include="PraktikumVGJS\vgjs.h">
      <Filter>Header Files</Filter>
    </ClInclude>
    <ClInclude Include="PraktikumVGJS\workCoro.h">
      <Filter>Header Files</Filter>
    </ClInclude>
    <ClInclude Include="PraktikumVGJS\workFunc.h">
      <Filter>Header Files</Filter>
    </ClInclude>
  </ItemGroup>
</Project>